
Microsoft Visual Studio Solution File, Format Version 12.00
# Visual Studio Version 16
VisualStudioVersion = 16.0.33927.289
MinimumVisualStudioVersion = 10.0.40219.1
Project("{FAE04EC0-301F-11D3-BF4B-00C04F79EFBC}") = "ClaseInicial1", "Clase1\ClaseInicial1.csproj", "{7955F60E-B67F-4B91-934D-8DF94028E431}"
EndProject
Project("{FAE04EC0-301F-11D3-BF4B-00C04F79EFBC}") = "CarreraAutos", "CarreraAutos\CarreraAutos.csproj", "{970D0472-1D6E-4F47-8431-91EFEA98332B}"
EndProject
Global
	GlobalSection(SolutionConfigurationPlatforms) = preSolution
		Debug|Any CPU = Debug|Any CPU
		Release|Any CPU = Release|Any CPU
	EndGlobalSection
	GlobalSection(ProjectConfigurationPlatforms) = postSolution
		{7955F60E-B67F-4B91-934D-8DF94028E431}.Debug|Any CPU.ActiveCfg = Debug|Any CPU
		{7955F60E-B67F-4B91-934D-8DF94028E431}.Debug|Any CPU.Build.0 = Debug|Any CPU
		{7955F60E-B67F-4B91-934D-8DF94028E431}.Release|Any CPU.ActiveCfg = Release|Any CPU
		{7955F60E-B67F-4B91-934D-8DF94028E431}.Release|Any CPU.Build.0 = Release|Any CPU
		{970D0472-1D6E-4F47-8431-91EFEA98332B}.Debug|Any CPU.ActiveCfg = Debug|Any CPU
		{970D0472-1D6E-4F47-8431-91EFEA98332B}.Debug|Any CPU.Build.0 = Debug|Any CPU
		{970D0472-1D6E-4F47-8431-91EFEA98332B}.Release|Any CPU.ActiveCfg = Release|Any CPU
		{970D0472-1D6E-4F47-8431-91EFEA98332B}.Release|Any CPU.Build.0 = Release|Any CPU
	EndGlobalSection
	GlobalSection(SolutionProperties) = preSolution
		HideSolutionNode = FALSE
	EndGlobalSection
	GlobalSection(ExtensibilityGlobals) = postSolution
		SolutionGuid = {F3FCF9B1-60DE-4BAB-AC1A-25F4FCE94F6D}
	EndGlobalSection
EndGlobal
